
Microsoft Visual Studio Solution File, Format Version 12.00
# Visual Studio Version 17
VisualStudioVersion = 17.14.36511.14 d17.14
MinimumVisualStudioVersion = 10.0.40219.1
Project("{FAE04EC0-301F-11D3-BF4B-00C04F79EFBC}") = "UDPServer", "UDPServer.csproj", "{708CD6DB-B27F-4B90-8247-01C0DD8DDFBB}"
EndProject
Global
	GlobalSection(SolutionConfigurationPlatforms) = preSolution
		Debug|Any CPU = Debug|Any CPU
		Release|Any CPU = Release|Any CPU
	EndGlobalSection
	GlobalSection(ProjectConfigurationPlatforms) = postSolution
		{708CD6DB-B27F-4B90-8247-01C0DD8DDFBB}.Debug|Any CPU.ActiveCfg = Debug|Any CPU
		{708CD6DB-B27F-4B90-8247-01C0DD8DDFBB}.Debug|Any CPU.Build.0 = Debug|Any CPU
		{708CD6DB-B27F-4B90-8247-01C0DD8DDFBB}.Release|Any CPU.ActiveCfg = Release|Any CPU
		{708CD6DB-B27F-4B90-8247-01C0DD8DDFBB}.Release|Any CPU.Build.0 = Release|Any CPU
	EndGlobalSection
	GlobalSection(SolutionProperties) = preSolution
		HideSolutionNode = FALSE
	EndGlobalSection
	GlobalSection(ExtensibilityGlobals) = postSolution
		SolutionGuid = {2FA23E91-7BFC-44E6-91DC-A725EE41A7DD}
	EndGlobalSection
EndGlobal
